# This file was autogenerated by Stack.
# You should not edit this file by hand.
# For more information, please see the documentation at:
#   https://docs.haskellstack.org/en/stable/lock_files

packages:
- completed:
    hackage: typed-uuid-0.0.0.0@sha256:623b8c37206aa7da887db0e17f590789fd3d602d7a70742b7486fa038981ef90,1272
    pantry-tree:
      size: 315
      sha256: dd9becba36b5b51f47d882049b5b29d9e41dcebffc33fe648e0dd3b0a4775017
  original:
    hackage: typed-uuid-0.0.0.0
- completed:
    hackage: genvalidity-typed-uuid-0.0.0.0@sha256:3f3e43d3a2876c977aca262a57c2bc9a6f7411d9a071677ebb8ac01504e99acb,1703
    pantry-tree:
      size: 456
      sha256: 7f0ca8077fa9335840ac7780a535bda3054c98df71dcc6dac5ac98c6c86ff47a
  original:
    hackage: genvalidity-typed-uuid-0.0.0.0
snapshots:
- completed:
    size: 523448
    url: https://raw.githubusercontent.com/commercialhaskell/stackage-snapshots/master/lts/14/1.yaml
    sha256: 0045b9bae36c3bb2dd374c29b586389845af1557eea0423958d152fc500d4fbf
  original: lts-14.1
